
Microsoft Visual Studio Solution File, Format Version 12.00
Project("{FAE04EC0-301F-11D3-BF4B-00C04F79EFBC}") = "Api", "src\Api\Api.csproj", "{E3F039AF-899A-421F-BB0A-463B6FB1423C}"
EndProject
Project("{2150E333-8FDC-42A3-9474-1A3956D46DE8}") = "src", "src", "{781B17C0-739A-499C-9372-2392D90C9DF2}"
EndProject
Project("{FAE04EC0-301F-11D3-BF4B-00C04F79EFBC}") = "Application", "src\Application\Application.csproj", "{AF288306-D184-4297-916F-15A2E31018F1}"
EndProject
Project("{FAE04EC0-301F-11D3-BF4B-00C04F79EFBC}") = "Domain", "src\Domain\Domain.csproj", "{ACD9008F-3F83-4DE1-AB1A-7F5B8B039CAA}"
EndProject
Project("{FAE04EC0-301F-11D3-BF4B-00C04F79EFBC}") = "Infrastructure", "src\Infrastructure\Infrastructure.csproj", "{E3660D54-2267-4C40-964A-2D7AF7C7FB63}"
EndProject
Project("{2150E333-8FDC-42A3-9474-1A3956D46DE8}") = "tests", "tests", "{4EC6531F-A3BF-4682-8BF9-F61AE59C9381}"
EndProject
Project("{FAE04EC0-301F-11D3-BF4B-00C04F79EFBC}") = "Api.Tests", "tests\Api.Tests\Api.Tests.csproj", "{B6B3BBA1-7F00-40D1-A5B8-213A3DDE889F}"
EndProject
Project("{FAE04EC0-301F-11D3-BF4B-00C04F79EFBC}") = "Application.Tests", "tests\Application.Tests\Application.Tests.csproj", "{33BCC457-F84E-4C56-97FB-FD252A225CC1}"
EndProject
Project("{FAE04EC0-301F-11D3-BF4B-00C04F79EFBC}") = "Domain.Tests", "tests\Domain.Tests\Domain.Tests.csproj", "{6E897A97-79B6-4F41-A86D-6E42B4A2AAD7}"
EndProject
Project("{FAE04EC0-301F-11D3-BF4B-00C04F79EFBC}") = "Infrastructure.Tests", "tests\Infrastructure.Tests\Infrastructure.Tests.csproj", "{B56699A1-DC97-4EA6-8B7C-5FDEE4B76A89}"
EndProject
Project("{2150E333-8FDC-42A3-9474-1A3956D46DE8}") = "docker", "docker", "{47EBE2DA-EFF4-4378-AC9B-059507103D91}"
	ProjectSection(SolutionItems) = preProject
		docker-compose.override.yaml = docker-compose.override.yaml
		Dockerfile = Dockerfile
		docker-compose.yaml = docker-compose.yaml
	EndProjectSection
EndProject
Project("{2150E333-8FDC-42A3-9474-1A3956D46DE8}") = "uploads", "uploads", "{12952775-8E66-47EB-BCE3-80BA16620CE2}"
EndProject
Global
	GlobalSection(SolutionConfigurationPlatforms) = preSolution
		Debug|Any CPU = Debug|Any CPU
		Release|Any CPU = Release|Any CPU
	EndGlobalSection
	GlobalSection(ProjectConfigurationPlatforms) = postSolution
		{E3F039AF-899A-421F-BB0A-463B6FB1423C}.Debug|Any CPU.ActiveCfg = Debug|Any CPU
		{E3F039AF-899A-421F-BB0A-463B6FB1423C}.Debug|Any CPU.Build.0 = Debug|Any CPU
		{E3F039AF-899A-421F-BB0A-463B6FB1423C}.Release|Any CPU.ActiveCfg = Release|Any CPU
		{E3F039AF-899A-421F-BB0A-463B6FB1423C}.Release|Any CPU.Build.0 = Release|Any CPU
		{AF288306-D184-4297-916F-15A2E31018F1}.Debug|Any CPU.ActiveCfg = Debug|Any CPU
		{AF288306-D184-4297-916F-15A2E31018F1}.Debug|Any CPU.Build.0 = Debug|Any CPU
		{AF288306-D184-4297-916F-15A2E31018F1}.Release|Any CPU.ActiveCfg = Release|Any CPU
		{AF288306-D184-4297-916F-15A2E31018F1}.Release|Any CPU.Build.0 = Release|Any CPU
		{ACD9008F-3F83-4DE1-AB1A-7F5B8B039CAA}.Debug|Any CPU.ActiveCfg = Debug|Any CPU
		{ACD9008F-3F83-4DE1-AB1A-7F5B8B039CAA}.Debug|Any CPU.Build.0 = Debug|Any CPU
		{ACD9008F-3F83-4DE1-AB1A-7F5B8B039CAA}.Release|Any CPU.ActiveCfg = Release|Any CPU
		{ACD9008F-3F83-4DE1-AB1A-7F5B8B039CAA}.Release|Any CPU.Build.0 = Release|Any CPU
		{E3660D54-2267-4C40-964A-2D7AF7C7FB63}.Debug|Any CPU.ActiveCfg = Debug|Any CPU
		{E3660D54-2267-4C40-964A-2D7AF7C7FB63}.Debug|Any CPU.Build.0 = Debug|Any CPU
		{E3660D54-2267-4C40-964A-2D7AF7C7FB63}.Release|Any CPU.ActiveCfg = Release|Any CPU
		{E3660D54-2267-4C40-964A-2D7AF7C7FB63}.Release|Any CPU.Build.0 = Release|Any CPU
		{B6B3BBA1-7F00-40D1-A5B8-213A3DDE889F}.Debug|Any CPU.ActiveCfg = Debug|Any CPU
		{B6B3BBA1-7F00-40D1-A5B8-213A3DDE889F}.Debug|Any CPU.Build.0 = Debug|Any CPU
		{B6B3BBA1-7F00-40D1-A5B8-213A3DDE889F}.Release|Any CPU.ActiveCfg = Release|Any CPU
		{B6B3BBA1-7F00-40D1-A5B8-213A3DDE889F}.Release|Any CPU.Build.0 = Release|Any CPU
		{33BCC457-F84E-4C56-97FB-FD252A225CC1}.Debug|Any CPU.ActiveCfg = Debug|Any CPU
		{33BCC457-F84E-4C56-97FB-FD252A225CC1}.Debug|Any CPU.Build.0 = Debug|Any CPU
		{33BCC457-F84E-4C56-97FB-FD252A225CC1}.Release|Any CPU.ActiveCfg = Release|Any CPU
		{33BCC457-F84E-4C56-97FB-FD252A225CC1}.Release|Any CPU.Build.0 = Release|Any CPU
		{6E897A97-79B6-4F41-A86D-6E42B4A2AAD7}.Debug|Any CPU.ActiveCfg = Debug|Any CPU
		{6E897A97-79B6-4F41-A86D-6E42B4A2AAD7}.Debug|Any CPU.Build.0 = Debug|Any CPU
		{6E897A97-79B6-4F41-A86D-6E42B4A2AAD7}.Release|Any CPU.ActiveCfg = Release|Any CPU
		{6E897A97-79B6-4F41-A86D-6E42B4A2AAD7}.Release|Any CPU.Build.0 = Release|Any CPU
		{B56699A1-DC97-4EA6-8B7C-5FDEE4B76A89}.Debug|Any CPU.ActiveCfg = Debug|Any CPU
		{B56699A1-DC97-4EA6-8B7C-5FDEE4B76A89}.Debug|Any CPU.Build.0 = Debug|Any CPU
		{B56699A1-DC97-4EA6-8B7C-5FDEE4B76A89}.Release|Any CPU.ActiveCfg = Release|Any CPU
		{B56699A1-DC97-4EA6-8B7C-5FDEE4B76A89}.Release|Any CPU.Build.0 = Release|Any CPU
	EndGlobalSection
	GlobalSection(NestedProjects) = preSolution
		{E3F039AF-899A-421F-BB0A-463B6FB1423C} = {781B17C0-739A-499C-9372-2392D90C9DF2}
		{AF288306-D184-4297-916F-15A2E31018F1} = {781B17C0-739A-499C-9372-2392D90C9DF2}
		{ACD9008F-3F83-4DE1-AB1A-7F5B8B039CAA} = {781B17C0-739A-499C-9372-2392D90C9DF2}
		{E3660D54-2267-4C40-964A-2D7AF7C7FB63} = {781B17C0-739A-499C-9372-2392D90C9DF2}
		{B6B3BBA1-7F00-40D1-A5B8-213A3DDE889F} = {4EC6531F-A3BF-4682-8BF9-F61AE59C9381}
		{33BCC457-F84E-4C56-97FB-FD252A225CC1} = {4EC6531F-A3BF-4682-8BF9-F61AE59C9381}
		{6E897A97-79B6-4F41-A86D-6E42B4A2AAD7} = {4EC6531F-A3BF-4682-8BF9-F61AE59C9381}
		{B56699A1-DC97-4EA6-8B7C-5FDEE4B76A89} = {4EC6531F-A3BF-4682-8BF9-F61AE59C9381}
	EndGlobalSection
EndGlobal
